// !$*UTF8*$!
{
	archiveVersion = 1;
	classes = {
	};
	objectVersion = 50;
	objects = {

/* Begin PBXBuildFile section */
		ED215A122381705C008715D2 /* Assets.xcassets in Resources */ = {isa = PBXBuildFile; fileRef = ED215A102381705C008715D2 /* Assets.xcassets */; };
		ED215A14238171C2008715D2 /* FirefliesParticle.sks in Resources */ = {isa = PBXBuildFile; fileRef = ED215A13238171C2008715D2 /* FirefliesParticle.sks */; };
		ED54CC33237D052400F8E08A /* EndScene.swift in Sources */ = {isa = PBXBuildFile; fileRef = ED54CC32237D052400F8E08A /* EndScene.swift */; };
		EDCC82E1237BED3000E517A1 /* AppDelegate.swift in Sources */ = {isa = PBXBuildFile; fileRef = EDCC82E0237BED3000E517A1 /* AppDelegate.swift */; };
		EDCC82E3237BED3000E517A1 /* GameScene.sks in Resources */ = {isa = PBXBuildFile; fileRef = EDCC82E2237BED3000E517A1 /* GameScene.sks */; };
		EDCC82E5237BED3000E517A1 /* Actions.sks in Resources */ = {isa = PBXBuildFile; fileRef = EDCC82E4237BED3000E517A1 /* Actions.sks */; };
		EDCC82E7237BED3000E517A1 /* GameScene.swift in Sources */ = {isa = PBXBuildFile; fileRef = EDCC82E6237BED3000E517A1 /* GameScene.swift */; };
		EDCC82E9237BED3000E517A1 /* GameViewController.swift in Sources */ = {isa = PBXBuildFile; fileRef = EDCC82E8237BED3000E517A1 /* GameViewController.swift */; };
		EDCC82EC237BED3000E517A1 /* Main.storyboard in Resources */ = {isa = PBXBuildFile; fileRef = EDCC82EA237BED3000E517A1 /* Main.storyboard */; };
		EDCC82EE237BED3400E517A1 /* Assets.xcassets in Resources */ = {isa = PBXBuildFile; fileRef = EDCC82ED237BED3400E517A1 /* Assets.xcassets */; };
		EDCC82F1237BED3400E517A1 /* LaunchScreen.storyboard in Resources */ = {isa = PBXBuildFile; fileRef = EDCC82EF237BED3400E517A1 /* LaunchScreen.storyboard */; };
/* End PBXBuildFile section */

/* Begin PBXFileReference section */
		ED215A102381705C008715D2 /* Assets.xcassets */ = {isa = PBXFileReference; lastKnownFileType = folder.assetcatalog; path = Assets.xcassets; sourceTree = "<group>"; };
		ED215A13238171C2008715D2 /* FirefliesParticle.sks */ = {isa = PBXFileReference; lastKnownFileType = file.sks; path = FirefliesParticle.sks; sourceTree = "<group>"; };
		ED54CC32237D052400F8E08A /* EndScene.swift */ = {isa = PBXFileReference; lastKnownFileType = sourcecode.swift; path = EndScene.swift; sourceTree = "<group>"; };
		EDCC82DD237BED3000E517A1 /* Rocket Shooting.app */ = {isa = PBXFileReference; explicitFileType = wrapper.application; includeInIndex = 0; path = "Rocket Shooting.app"; sourceTree = BUILT_PRODUCTS_DIR; };
		EDCC82E0237BED3000E517A1 /* AppDelegate.swift */ = {isa = PBXFileReference; lastKnownFileType = sourcecode.swift; path = AppDelegate.swift; sourceTree = "<group>"; };
		EDCC82E2237BED3000E517A1 /* GameScene.sks */ = {isa = PBXFileReference; lastKnownFileType = file.sks; path = GameScene.sks; sourceTree = "<group>"; };
		EDCC82E4237BED3000E517A1 /* Actions.sks */ = {isa = PBXFileReference; lastKnownFileType = file.sks; path = Actions.sks; sourceTree = "<group>"; };
		EDCC82E6237BED3000E517A1 /* GameScene.swift */ = {isa = PBXFileReference; lastKnownFileType = sourcecode.swift; path = GameScene.swift; sourceTree = "<group>"; };
		EDCC82E8237BED3000E517A1 /* GameViewController.swift */ = {isa = PBXFileReference; lastKnownFileType = sourcecode.swift; path = GameViewController.swift; sourceTree = "<group>"; };
		EDCC82EB237BED3000E517A1 /* Base */ = {isa = PBXFileReference; lastKnownFileType = file.storyboard; name = Base; path = Base.lproj/Main.storyboard; sourceTree = "<group>"; };
		EDCC82ED237BED3400E517A1 /* Assets.xcassets */ = {isa = PBXFileReference; lastKnownFileType = folder.assetcatalog; path = Assets.xcassets; sourceTree = "<group>"; };
		EDCC82F0237BED3400E517A1 /* Base */ = {isa = PBXFileReference; lastKnownFileType = file.storyboard; name = Base; path = Base.lproj/LaunchScreen.storyboard; sourceTree = "<group>"; };
		EDCC82F2237BED3400E517A1 /* Info.plist */ = {isa = PBXFileReference; lastKnownFileType = text.plist.xml; path = Info.plist; sourceTree = "<group>"; };
/* End PBXFileReference section */

/* Begin PBXFrameworksBuildPhase section */
		EDCC82DA237BED3000E517A1 /* Frameworks */ = {
			isa = PBXFrameworksBuildPhase;
			buildActionMask = 2147483647;
			files = (
			);
			runOnlyForDeploymentPostprocessing = 0;
		};
/* End PBXFrameworksBuildPhase section */

/* Begin PBXGroup section */
		EDCC82D4237BED3000E517A1 = {
			isa = PBXGroup;
			children = (
				EDCC82DF237BED3000E517A1 /* Rocket Shooting */,
				EDCC82DE237BED3000E517A1 /* Products */,
			);
			sourceTree = "<group>";
		};
		EDCC82DE237BED3000E517A1 /* Products */ = {
			isa = PBXGroup;
			children = (
				EDCC82DD237BED3000E517A1 /* Rocket Shooting.app */,
			);
			name = Products;
			sourceTree = "<group>";
		};
		EDCC82DF237BED3000E517A1 /* Rocket Shooting */ = {
			isa = PBXGroup;
			children = (
				EDCC82F9237BF08F00E517A1 /* Assets */,
				EDCC82F8237BF07F00E517A1 /* Supporting Files */,
				EDCC82E0237BED3000E517A1 /* AppDelegate.swift */,
				EDCC82E2237BED3000E517A1 /* GameScene.sks */,
				EDCC82E4237BED3000E517A1 /* Actions.sks */,
				EDCC82E6237BED3000E517A1 /* GameScene.swift */,
				EDCC82E8237BED3000E517A1 /* GameViewController.swift */,
				EDCC82EA237BED3000E517A1 /* Main.storyboard */,
				EDCC82EF237BED3400E517A1 /* LaunchScreen.storyboard */,
				ED54CC32237D052400F8E08A /* EndScene.swift */,
				ED215A102381705C008715D2 /* Assets.xcassets */,
				ED215A13238171C2008715D2 /* FirefliesParticle.sks */,
			);
			path = "Rocket Shooting";
			sourceTree = "<group>";
		};
		EDCC82F8237BF07F00E517A1 /* Supporting Files */ = {
			isa = PBXGroup;
			children = (
				EDCC82F2237BED3400E517A1 /* Info.plist */,
			);
			path = "Supporting Files";
			sourceTree = "<group>";
		};
		EDCC82F9237BF08F00E517A1 /* Assets */ = {
			isa = PBXGroup;
			children = (
				EDCC82ED237BED3400E517A1 /* Assets.xcassets */,
			);
			path = Assets;
			sourceTree = "<group>";
		};
/* End PBXGroup section */

/* Begin PBXNativeTarget section */
		EDCC82DC237BED3000E517A1 /* Rocket Shooting */ = {
			isa = PBXNativeTarget;
			buildConfigurationList = EDCC82F5237BED3400E517A1 /* Build configuration list for PBXNativeTarget "Rocket Shooting" */;
			buildPhases = (
				EDCC82D9237BED3000E517A1 /* Sources */,
				EDCC82DA237BED3000E517A1 /* Frameworks */,
				EDCC82DB237BED3000E517A1 /* Resources */,
			);
			buildRules = (
			);
			dependencies = (
			);
			name = "Rocket Shooting";
			productName = "Rocket Shooting";
			productReference = EDCC82DD237BED3000E517A1 /* Rocket Shooting.app */;
			productType = "com.apple.product-type.application";
		};
/* End PBXNativeTarget section */

/* Begin PBXProject section */
		EDCC82D5237BED3000E517A1 /* Project object */ = {
			isa = PBXProject;
			attributes = {
				LastSwiftUpdateCheck = 1120;
				LastUpgradeCheck = 1120;
				ORGANIZATIONNAME = "Faiz Ikhwan";
				TargetAttributes = {
					EDCC82DC237BED3000E517A1 = {
						CreatedOnToolsVersion = 11.2;
					};
				};
			};
			buildConfigurationList = EDCC82D8237BED3000E517A1 /* Build configuration list for PBXProject "Rocket Shooting" */;
			compatibilityVersion = "Xcode 9.3";
			developmentRegion = en;
			hasScannedForEncodings = 0;
			knownRegions = (
				en,
				Base,
			);
			mainGroup = EDCC82D4237BED3000E517A1;
			productRefGroup = EDCC82DE237BED3000E517A1 /* Products */;
			projectDirPath = "";
			projectRoot = "";
			targets = (
				EDCC82DC237BED3000E517A1 /* Rocket Shooting */,
			);
		};
/* End PBXProject section */

/* Begin PBXResourcesBuildPhase section */
		EDCC82DB237BED3000E517A1 /* Resources */ = {
			isa = PBXResourcesBuildPhase;
			buildActionMask = 2147483647;
			files = (
				EDCC82EC237BED3000E517A1 /* Main.storyboard in Resources */,
				ED215A14238171C2008715D2 /* FirefliesParticle.sks in Resources */,
				EDCC82E3237BED3000E517A1 /* GameScene.sks in Resources */,
				EDCC82EE237BED3400E517A1 /* Assets.xcassets in Resources */,
				EDCC82F1237BED3400E517A1 /* LaunchScreen.storyboard in Resources */,
				ED215A122381705C008715D2 /* Assets.xcassets in Resources */,
				EDCC82E5237BED3000E517A1 /* Actions.sks in Resources */,
			);
			runOnlyForDeploymentPostprocessing = 0;
		};
/* End PBXResourcesBuildPhase section */

/* Begin PBXSourcesBuildPhase section */
		EDCC82D9237BED3000E517A1 /* Sources */ = {
			isa = PBXSourcesBuildPhase;
			buildActionMask = 2147483647;
			files = (
				EDCC82E7237BED3000E517A1 /* GameScene.swift in Sources */,
				EDCC82E9237BED3000E517A1 /* GameViewController.swift in Sources */,
				ED54CC33237D052400F8E08A /* EndScene.swift in Sources */,
				EDCC82E1237BED3000E517A1 /* AppDelegate.swift in Sources */,
			);
			runOnlyForDeploymentPostprocessing = 0;
		};
/* End PBXSourcesBuildPhase section */

/* Begin PBXVariantGroup section */
		EDCC82EA237BED3000E517A1 /* Main.storyboard */ = {
			isa = PBXVariantGroup;
			children = (
				EDCC82EB237BED3000E517A1 /* Base */,
			);
			name = Main.storyboard;
			sourceTree = "<group>";
		};
		EDCC82EF237BED3400E517A1 /* LaunchScreen.storyboard */ = {
			isa = PBXVariantGroup;
			children = (
				EDCC82F0237BED3400E517A1 /* Base */,
			);
			name = LaunchScreen.storyboard;
			sourceTree = "<group>";
		};
/* End PBXVariantGroup section */

/* Begin XCBuildConfiguration section */
		EDCC82F3237BED3400E517A1 /* Debug */ = {
			isa = XCBuildConfiguration;
			buildSettings = {
				ALWAYS_SEARCH_USER_PATHS = NO;
				CLANG_ANALYZER_NONNULL = YES;
				CLANG_ANALYZER_NUMBER_OBJECT_CONVERSION = YES_AGGRESSIVE;
				CLANG_CXX_LANGUAGE_STANDARD = "gnu++14";
				CLANG_CXX_LIBRARY = "libc++";
				CLANG_ENABLE_MODULES = YES;
				CLANG_ENABLE_OBJC_ARC = YES;
				CLANG_ENABLE_OBJC_WEAK = YES;
				CLANG_WARN_BLOCK_CAPTURE_AUTORELEASING = YES;
				CLANG_WARN_BOOL_CONVERSION = YES;
				CLANG_WARN_COMMA = YES;
				CLANG_WARN_CONSTANT_CONVERSION = YES;
				CLANG_WARN_DEPRECATED_OBJC_IMPLEMENTATIONS = YES;
				CLANG_WARN_DIRECT_OBJC_ISA_USAGE = YES_ERROR;
				CLANG_WARN_DOCUMENTATION_COMMENTS = YES;
				CLANG_WARN_EMPTY_BODY = YES;
				CLANG_WARN_ENUM_CONVERSION = YES;
				CLANG_WARN_INFINITE_RECURSION = YES;
				CLANG_WARN_INT_CONVERSION = YES;
				CLANG_WARN_NON_LITERAL_NULL_CONVERSION = YES;
				CLANG_WARN_OBJC_IMPLICIT_RETAIN_SELF = YES;
				CLANG_WARN_OBJC_LITERAL_CONVERSION = YES;
				CLANG_WARN_OBJC_ROOT_CLASS = YES_ERROR;
				CLANG_WARN_RANGE_LOOP_ANALYSIS = YES;
				CLANG_WARN_STRICT_PROTOTYPES = YES;
				CLANG_WARN_SUSPICIOUS_MOVE = YES;
				CLANG_WARN_UNGUARDED_AVAILABILITY = YES_AGGRESSIVE;
				CLANG_WARN_UNREACHABLE_CODE = YES;
				CLANG_WARN__DUPLICATE_METHOD_MATCH = YES;
				COPY_PHASE_STRIP = NO;
				DEBUG_INFORMATION_FORMAT = dwarf;
				ENABLE_STRICT_OBJC_MSGSEND = YES;
				ENABLE_TESTABILITY = YES;
				GCC_C_LANGUAGE_STANDARD = gnu11;
				GCC_DYNAMIC_NO_PIC = NO;
				GCC_NO_COMMON_BLOCKS = YES;
				GCC_OPTIMIZATION_LEVEL = 0;
				GCC_PREPROCESSOR_DEFINITIONS = (
					"DEBUG=1",
					"$(inherited)",
				);
				GCC_WARN_64_TO_32_BIT_CONVERSION = YES;
				GCC_WARN_ABOUT_RETURN_TYPE = YES_ERROR;
				GCC_WARN_UNDECLARED_SELECTOR = YES;
				GCC_WARN_UNINITIALIZED_AUTOS = YES_AGGRESSIVE;
				GCC_WARN_UNUSED_FUNCTION = YES;
				GCC_WARN_UNUSED_VARIABLE = YES;
				IPHONEOS_DEPLOYMENT_TARGET = 13.2;
				MTL_ENABLE_DEBUG_INFO = INCLUDE_SOURCE;
				MTL_FAST_MATH = YES;
				ONLY_ACTIVE_ARCH = YES;
				SDKROOT = iphoneos;
				SWIFT_ACTIVE_COMPILATION_CONDITIONS = DEBUG;
				SWIFT_OPTIMIZATION_LEVEL = "-Onone";
			};
			name = Debug;
		};
		EDCC82F4237BED3400E517A1 /* Release */ = {
			isa = XCBuildConfiguration;
			buildSettings = {
				ALWAYS_SEARCH_USER_PATHS = NO;
				CLANG_ANALYZER_NONNULL = YES;
				CLANG_ANALYZER_NUMBER_OBJECT_CONVERSION = YES_AGGRESSIVE;
				CLANG_CXX_LANGUAGE_STANDARD = "gnu++14";
				CLANG_CXX_LIBRARY = "libc++";
				CLANG_ENABLE_MODULES = YES;
				CLANG_ENABLE_OBJC_ARC = YES;
				CLANG_ENABLE_OBJC_WEAK = YES;
				CLANG_WARN_BLOCK_CAPTURE_AUTORELEASING = YES;
				CLANG_WARN_BOOL_CONVERSION = YES;
				CLANG_WARN_COMMA = YES;
				CLANG_WARN_CONSTANT_CONVERSION = YES;
				CLANG_WARN_DEPRECATED_OBJC_IMPLEMENTATIONS = YES;
				CLANG_WARN_DIRECT_OBJC_ISA_USAGE = YES_ERROR;
				CLANG_WARN_DOCUMENTATION_COMMENTS = YES;
				CLANG_WARN_EMPTY_BODY = YES;
				CLANG_WARN_ENUM_CONVERSION = YES;
				CLANG_WARN_INFINITE_RECURSION = YES;
				CLANG_WARN_INT_CONVERSION = YES;
				CLANG_WARN_NON_LITERAL_NULL_CONVERSION = YES;
				CLANG_WARN_OBJC_IMPLICIT_RETAIN_SELF = YES;
				CLANG_WARN_OBJC_LITERAL_CONVERSION = YES;
				CLANG_WARN_OBJC_ROOT_CLASS = YES_ERROR;
				CLANG_WARN_RANGE_LOOP_ANALYSIS = YES;
				CLANG_WARN_STRICT_PROTOTYPES = YES;
				CLANG_WARN_SUSPICIOUS_MOVE = YES;
				CLANG_WARN_UNGUARDED_AVAILABILITY = YES_AGGRESSIVE;
				CLANG_WARN_UNREACHABLE_CODE = YES;
				CLANG_WARN__DUPLICATE_METHOD_MATCH = YES;
				COPY_PHASE_STRIP = NO;
				DEBUG_INFORMATION_FORMAT = "dwarf-with-dsym";
				ENABLE_NS_ASSERTIONS = NO;
				ENABLE_STRICT_OBJC_MSGSEND = YES;
				GCC_C_LANGUAGE_STANDARD = gnu11;
				GCC_NO_COMMON_BLOCKS = YES;
				GCC_WARN_64_TO_32_BIT_CONVERSION = YES;
				GCC_WARN_ABOUT_RETURN_TYPE = YES_ERROR;
				GCC_WARN_UNDECLARED_SELECTOR = YES;
				GCC_WARN_UNINITIALIZED_AUTOS = YES_AGGRESSIVE;
				GCC_WARN_UNUSED_FUNCTION = YES;
				GCC_WARN_UNUSED_VARIABLE = YES;
				IPHONEOS_DEPLOYMENT_TARGET = 13.2;
				MTL_ENABLE_DEBUG_INFO = NO;
				MTL_FAST_MATH = YES;
				SDKROOT = iphoneos;
				SWIFT_COMPILATION_MODE = wholemodule;
				SWIFT_OPTIMIZATION_LEVEL = "-O";
				VALIDATE_PRODUCT = YES;
			};
			name = Release;
		};
		EDCC82F6237BED3400E517A1 /* Debug */ = {
			isa = XCBuildConfiguration;
			buildSettings = {
				ASSETCATALOG_COMPILER_APPICON_NAME = AppIcon;
				CODE_SIGN_STYLE = Automatic;
				DEVELOPMENT_TEAM = C8C5YY57VR;
				INFOPLIST_FILE = "Rocket Shooting/Supporting Files/Info.plist";
				LD_RUNPATH_SEARCH_PATHS = (
					"$(inherited)",
					"@executable_path/Frameworks",
				);
				PRODUCT_BUNDLE_IDENTIFIER = "com.faizikhwan.Rocket-Shooting";
				PRODUCT_NAME = "$(TARGET_NAME)";
				SWIFT_VERSION = 5.0;
				TARGETED_DEVICE_FAMILY = "1,2";
			};
			name = Debug;
		};
		EDCC82F7237BED3400E517A1 /* Release */ = {
			isa = XCBuildConfiguration;
			buildSettings = {
				ASSETCATALOG_COMPILER_APPICON_NAME = AppIcon;
				CODE_SIGN_STYLE = Automatic;
				DEVELOPMENT_TEAM = C8C5YY57VR;
				INFOPLIST_FILE = "Rocket Shooting/Supporting Files/Info.plist";
				LD_RUNPATH_SEARCH_PATHS = (
					"$(inherited)",
					"@executable_path/Frameworks",
				);
				PRODUCT_BUNDLE_IDENTIFIER = "com.faizikhwan.Rocket-Shooting";
				PRODUCT_NAME = "$(TARGET_NAME)";
				SWIFT_VERSION = 5.0;
				TARGETED_DEVICE_FAMILY = "1,2";
			};
			name = Release;
		};
/* End XCBuildConfiguration section */

/* Begin XCConfigurationList section */
		EDCC82D8237BED3000E517A1 /* Build configuration list for PBXProject "Rocket Shooting" */ = {
			isa = XCConfigurationList;
			buildConfigurations = (
				EDCC82F3237BED3400E517A1 /* Debug */,
				EDCC82F4237BED3400E517A1 /* Release */,
			);
			defaultConfigurationIsVisible = 0;
			defaultConfigurationName = Release;
		};
		EDCC82F5237BED3400E517A1 /* Build configuration list for PBXNativeTarget "Rocket Shooting" */ = {
			isa = XCConfigurationList;
			buildConfigurations = (
				EDCC82F6237BED3400E517A1 /* Debug */,
				EDCC82F7237BED3400E517A1 /* Release */,
			);
			defaultConfigurationIsVisible = 0;
			defaultConfigurationName = Release;
		};
/* End XCConfigurationList section */
	};
	rootObject = EDCC82D5237BED3000E517A1 /* Project object */;
}
